
Microsoft Visual Studio Solution File, Format Version 12.00
# Visual Studio Version 17
VisualStudioVersion = 17.4.33213.308
MinimumVisualStudioVersion = 10.0.40219.1
Project("{FAE04EC0-301F-11D3-BF4B-00C04F79EFBC}") = "ST10090990_Part2", "ST10090990_Part2.csproj", "{B13E6A1D-CC35-44A5-AFD4-00BD9196C1FD}"
EndProject
Global
	GlobalSection(SolutionConfigurationPlatforms) = preSolution
		Debug|Any CPU = Debug|Any CPU
		Release|Any CPU = Release|Any CPU
	EndGlobalSection
	GlobalSection(ProjectConfigurationPlatforms) = postSolution
		{B13E6A1D-CC35-44A5-AFD4-00BD9196C1FD}.Debug|Any CPU.ActiveCfg = Debug|Any CPU
		{B13E6A1D-CC35-44A5-AFD4-00BD9196C1FD}.Debug|Any CPU.Build.0 = Debug|Any CPU
		{B13E6A1D-CC35-44A5-AFD4-00BD9196C1FD}.Release|Any CPU.ActiveCfg = Release|Any CPU
		{B13E6A1D-CC35-44A5-AFD4-00BD9196C1FD}.Release|Any CPU.Build.0 = Release|Any CPU
	EndGlobalSection
	GlobalSection(SolutionProperties) = preSolution
		HideSolutionNode = FALSE
	EndGlobalSection
	GlobalSection(ExtensibilityGlobals) = postSolution
		SolutionGuid = {7783B3AB-4BEC-4149-A609-1CCEF6096F22}
	EndGlobalSection
EndGlobal
